
Microsoft Visual Studio Solution File, Format Version 12.00
# Visual Studio 15
Project("{FAE04EC0-301F-11D3-BF4B-00C04F79EFBC}") = "Assembly-CSharp", "Assembly-CSharp.csproj", "{DE48D045-9DF5-E360-54D9-070A43E2F727}"
EndProject
Global
	GlobalSection(SolutionConfigurationPlatforms) = preSolution
		Debug|Any CPU = Debug|Any CPU
		Release|Any CPU = Release|Any CPU
	EndGlobalSection
	GlobalSection(ProjectConfigurationPlatforms) = postSolution
		{DE48D045-9DF5-E360-54D9-070A43E2F727}.Debug|Any CPU.ActiveCfg = Debug|Any CPU
		{DE48D045-9DF5-E360-54D9-070A43E2F727}.Debug|Any CPU.Build.0 = Debug|Any CPU
		{DE48D045-9DF5-E360-54D9-070A43E2F727}.Release|Any CPU.ActiveCfg = Release|Any CPU
		{DE48D045-9DF5-E360-54D9-070A43E2F727}.Release|Any CPU.Build.0 = Release|Any CPU
	EndGlobalSection
	GlobalSection(SolutionProperties) = preSolution
		HideSolutionNode = FALSE
	EndGlobalSection
EndGlobal
